
Microsoft Visual Studio Solution File, Format Version 12.00
# Visual Studio Version 16
VisualStudioVersion = 16.0.31729.503
MinimumVisualStudioVersion = 10.0.40219.1
Project("{FAE04EC0-301F-11D3-BF4B-00C04F79EFBC}") = "MetodoDeSimpson", "MetodoDeSimpson\MetodoDeSimpson.csproj", "{20BC0ED9-9608-4C86-917B-C4FFE6703AE0}"
EndProject
Global
	GlobalSection(SolutionConfigurationPlatforms) = preSolution
		Debug|Any CPU = Debug|Any CPU
		Release|Any CPU = Release|Any CPU
	EndGlobalSection
	GlobalSection(ProjectConfigurationPlatforms) = postSolution
		{20BC0ED9-9608-4C86-917B-C4FFE6703AE0}.Debug|Any CPU.ActiveCfg = Debug|Any CPU
		{20BC0ED9-9608-4C86-917B-C4FFE6703AE0}.Debug|Any CPU.Build.0 = Debug|Any CPU
		{20BC0ED9-9608-4C86-917B-C4FFE6703AE0}.Release|Any CPU.ActiveCfg = Release|Any CPU
		{20BC0ED9-9608-4C86-917B-C4FFE6703AE0}.Release|Any CPU.Build.0 = Release|Any CPU
	EndGlobalSection
	GlobalSection(SolutionProperties) = preSolution
		HideSolutionNode = FALSE
	EndGlobalSection
	GlobalSection(ExtensibilityGlobals) = postSolution
		SolutionGuid = {BAF8D1BA-7196-410E-A0CB-86F72FC30247}
	EndGlobalSection
EndGlobal
